
Microsoft Visual Studio Solution File, Format Version 12.00
# Visual Studio Version 16
VisualStudioVersion = 16.0.30011.22
MinimumVisualStudioVersion = 10.0.40219.1
Project("{FAE04EC0-301F-11D3-BF4B-00C04F79EFBC}") = "pdfscraping", "pdfscraping.csproj", "{5CC27B36-C898-469D-B8EF-60DF195C9607}"
EndProject
Global
	GlobalSection(SolutionConfigurationPlatforms) = preSolution
		Debug|Any CPU = Debug|Any CPU
		Release|Any CPU = Release|Any CPU
	EndGlobalSection
	GlobalSection(ProjectConfigurationPlatforms) = postSolution
		{5CC27B36-C898-469D-B8EF-60DF195C9607}.Debug|Any CPU.ActiveCfg = Debug|Any CPU
		{5CC27B36-C898-469D-B8EF-60DF195C9607}.Debug|Any CPU.Build.0 = Debug|Any CPU
		{5CC27B36-C898-469D-B8EF-60DF195C9607}.Release|Any CPU.ActiveCfg = Release|Any CPU
		{5CC27B36-C898-469D-B8EF-60DF195C9607}.Release|Any CPU.Build.0 = Release|Any CPU
	EndGlobalSection
	GlobalSection(SolutionProperties) = preSolution
		HideSolutionNode = FALSE
	EndGlobalSection
	GlobalSection(ExtensibilityGlobals) = postSolution
		SolutionGuid = {EA1F3675-A0E6-4ED1-B3C8-94A63C74B07C}
	EndGlobalSection
EndGlobal
